
Microsoft Visual Studio Solution File, Format Version 12.00
# Visual Studio Version 16
VisualStudioVersion = 16.0.31424.327
MinimumVisualStudioVersion = 10.0.40219.1
Project("{9A19103F-16F7-4668-BE54-9A1E7A4F7556}") = "Smart_ChargingApi", "Smart_ChargingApi\Smart_ChargingApi.csproj", "{39CADCB1-BB6D-439E-B702-BC4FDD657E33}"
EndProject
Project("{FAE04EC0-301F-11D3-BF4B-00C04F79EFBC}") = "Smart_ChargingApi.Tests", "Smart_ChargingApi.Tests\Smart_ChargingApi.Tests.csproj", "{917950C7-CBFE-4CEF-B3C1-EF2AB9EF443B}"
EndProject
Global
	GlobalSection(SolutionConfigurationPlatforms) = preSolution
		Debug|Any CPU = Debug|Any CPU
		Release|Any CPU = Release|Any CPU
	EndGlobalSection
	GlobalSection(ProjectConfigurationPlatforms) = postSolution
		{39CADCB1-BB6D-439E-B702-BC4FDD657E33}.Debug|Any CPU.ActiveCfg = Debug|Any CPU
		{39CADCB1-BB6D-439E-B702-BC4FDD657E33}.Debug|Any CPU.Build.0 = Debug|Any CPU
		{39CADCB1-BB6D-439E-B702-BC4FDD657E33}.Release|Any CPU.ActiveCfg = Release|Any CPU
		{39CADCB1-BB6D-439E-B702-BC4FDD657E33}.Release|Any CPU.Build.0 = Release|Any CPU
		{917950C7-CBFE-4CEF-B3C1-EF2AB9EF443B}.Debug|Any CPU.ActiveCfg = Debug|Any CPU
		{917950C7-CBFE-4CEF-B3C1-EF2AB9EF443B}.Debug|Any CPU.Build.0 = Debug|Any CPU
		{917950C7-CBFE-4CEF-B3C1-EF2AB9EF443B}.Release|Any CPU.ActiveCfg = Release|Any CPU
		{917950C7-CBFE-4CEF-B3C1-EF2AB9EF443B}.Release|Any CPU.Build.0 = Release|Any CPU
	EndGlobalSection
	GlobalSection(SolutionProperties) = preSolution
		HideSolutionNode = FALSE
	EndGlobalSection
	GlobalSection(ExtensibilityGlobals) = postSolution
		SolutionGuid = {BE671E40-1A67-4025-A766-FA733F867D80}
	EndGlobalSection
EndGlobal
